
Microsoft Visual Studio Solution File, Format Version 12.00
# Visual Studio Express 2012 for Windows Desktop
Project("{FAE04EC0-301F-11D3-BF4B-00C04F79EFBC}") = "ConsoleApplication11", "ConsoleApplication11\ConsoleApplication11.csproj", "{4DF8F41B-186C-4193-BC47-170673A39FDB}"
EndProject
Global
	GlobalSection(SolutionConfigurationPlatforms) = preSolution
		Debug|Any CPU = Debug|Any CPU
		Release|Any CPU = Release|Any CPU
	EndGlobalSection
	GlobalSection(ProjectConfigurationPlatforms) = postSolution
		{4DF8F41B-186C-4193-BC47-170673A39FDB}.Debug|Any CPU.ActiveCfg = Debug|Any CPU
		{4DF8F41B-186C-4193-BC47-170673A39FDB}.Debug|Any CPU.Build.0 = Debug|Any CPU
		{4DF8F41B-186C-4193-BC47-170673A39FDB}.Release|Any CPU.ActiveCfg = Release|Any CPU
		{4DF8F41B-186C-4193-BC47-170673A39FDB}.Release|Any CPU.Build.0 = Release|Any CPU
	EndGlobalSection
	GlobalSection(SolutionProperties) = preSolution
		HideSolutionNode = FALSE
	EndGlobalSection
EndGlobal
